
Microsoft Visual Studio Solution File, Format Version 12.00
# Visual Studio 15
Project("{FAE04EC0-301F-11D3-BF4B-00C04F79EFBC}") = "Assembly-CSharp", "Assembly-CSharp.csproj", "{B5993A1F-9D93-6B65-C3C0-80916DA744EF}"
EndProject
Project("{FAE04EC0-301F-11D3-BF4B-00C04F79EFBC}") = "Assembly-CSharp-Editor", "Assembly-CSharp-Editor.csproj", "{A98940A8-495D-89C1-7280-FD2C1E4F7675}"
EndProject
Global
	GlobalSection(SolutionConfigurationPlatforms) = preSolution
		Debug|Any CPU = Debug|Any CPU
		Release|Any CPU = Release|Any CPU
	EndGlobalSection
	GlobalSection(ProjectConfigurationPlatforms) = postSolution
		{B5993A1F-9D93-6B65-C3C0-80916DA744EF}.Debug|Any CPU.ActiveCfg = Debug|Any CPU
		{B5993A1F-9D93-6B65-C3C0-80916DA744EF}.Debug|Any CPU.Build.0 = Debug|Any CPU
		{B5993A1F-9D93-6B65-C3C0-80916DA744EF}.Release|Any CPU.ActiveCfg = Release|Any CPU
		{B5993A1F-9D93-6B65-C3C0-80916DA744EF}.Release|Any CPU.Build.0 = Release|Any CPU
		{A98940A8-495D-89C1-7280-FD2C1E4F7675}.Debug|Any CPU.ActiveCfg = Debug|Any CPU
		{A98940A8-495D-89C1-7280-FD2C1E4F7675}.Debug|Any CPU.Build.0 = Debug|Any CPU
		{A98940A8-495D-89C1-7280-FD2C1E4F7675}.Release|Any CPU.ActiveCfg = Release|Any CPU
		{A98940A8-495D-89C1-7280-FD2C1E4F7675}.Release|Any CPU.Build.0 = Release|Any CPU
	EndGlobalSection
	GlobalSection(SolutionProperties) = preSolution
		HideSolutionNode = FALSE
	EndGlobalSection
EndGlobal
